
Microsoft Visual Studio Solution File, Format Version 12.00
# Visual Studio Version 17
VisualStudioVersion = 17.13.35931.197
MinimumVisualStudioVersion = 10.0.40219.1
Project("{8BC9CEB8-8B4A-11D0-8D11-00A0C91BC942}") = "VR_AI_FBT_Core", "VR_AI_FBT_Core\VR_AI_FBT_Core.vcxproj", "{0FD964C1-7B82-410E-8B59-AE820DE5B00F}"
EndProject
Project("{8BC9CEB8-8B4A-11D0-8D11-00A0C91BC942}") = "VR_Button_Testing", "VR_Button_Testing\VR_Button_Testing.vcxproj", "{BFAE7095-BE71-4795-A443-3E85FDF8C07F}"
EndProject
Project("{8BC9CEB8-8B4A-11D0-8D11-00A0C91BC942}") = "Iris_FBT", "Iris_FBT\Iris_FBT.vcxproj", "{539EA4D3-8C84-411D-A39B-FB035C49F1AF}"
EndProject
Project("{8BC9CEB8-8B4A-11D0-8D11-00A0C91BC942}") = "CameraCalib", "CameraCalib\CameraCalib.vcxproj", "{F8FEB13C-21B5-4DD9-9384-050914310A0A}"
EndProject
Project("{54A90642-561A-4BB1-A94E-469ADEE60C69}") = "RemoteCamProcessing", "RemoteCamProcessing\RemoteCamProcessing.esproj", "{37B8C923-5215-2410-75C7-FCFBE257CBA3}"
EndProject
Project("{8BC9CEB8-8B4A-11D0-8D11-00A0C91BC942}") = "CameraCalibrator-Standalone", "CameraCalibrator-Standalone\CameraCalibrator-Standalone.vcxproj", "{16141EBC-262E-45E2-B466-EF6206793F07}"
EndProject
Global
	GlobalSection(SolutionConfigurationPlatforms) = preSolution
		Debug|Any CPU = Debug|Any CPU
		Debug|x64 = Debug|x64
		Debug|x86 = Debug|x86
		Release|Any CPU = Release|Any CPU
		Release|x64 = Release|x64
		Release|x86 = Release|x86
	EndGlobalSection
	GlobalSection(ProjectConfigurationPlatforms) = postSolution
		{0FD964C1-7B82-410E-8B59-AE820DE5B00F}.Debug|Any CPU.ActiveCfg = Debug|x64
		{0FD964C1-7B82-410E-8B59-AE820DE5B00F}.Debug|x64.ActiveCfg = Debug|x64
		{0FD964C1-7B82-410E-8B59-AE820DE5B00F}.Debug|x64.Build.0 = Debug|x64
		{0FD964C1-7B82-410E-8B59-AE820DE5B00F}.Debug|x86.ActiveCfg = Debug|x64
		{0FD964C1-7B82-410E-8B59-AE820DE5B00F}.Release|Any CPU.ActiveCfg = Release|x64
		{0FD964C1-7B82-410E-8B59-AE820DE5B00F}.Release|x64.ActiveCfg = Release|x64
		{0FD964C1-7B82-410E-8B59-AE820DE5B00F}.Release|x64.Build.0 = Release|x64
		{0FD964C1-7B82-410E-8B59-AE820DE5B00F}.Release|x86.ActiveCfg = Release|x64
		{BFAE7095-BE71-4795-A443-3E85FDF8C07F}.Debug|Any CPU.ActiveCfg = Debug|x64
		{BFAE7095-BE71-4795-A443-3E85FDF8C07F}.Debug|x64.ActiveCfg = Debug|x64
		{BFAE7095-BE71-4795-A443-3E85FDF8C07F}.Debug|x64.Build.0 = Debug|x64
		{BFAE7095-BE71-4795-A443-3E85FDF8C07F}.Debug|x86.ActiveCfg = Debug|Win32
		{BFAE7095-BE71-4795-A443-3E85FDF8C07F}.Debug|x86.Build.0 = Debug|Win32
		{BFAE7095-BE71-4795-A443-3E85FDF8C07F}.Release|Any CPU.ActiveCfg = Release|Win32
		{BFAE7095-BE71-4795-A443-3E85FDF8C07F}.Release|x64.ActiveCfg = Release|x64
		{BFAE7095-BE71-4795-A443-3E85FDF8C07F}.Release|x64.Build.0 = Release|x64
		{BFAE7095-BE71-4795-A443-3E85FDF8C07F}.Release|x86.ActiveCfg = Release|Win32
		{BFAE7095-BE71-4795-A443-3E85FDF8C07F}.Release|x86.Build.0 = Release|Win32
		{539EA4D3-8C84-411D-A39B-FB035C49F1AF}.Debug|Any CPU.ActiveCfg = Debug|x64
		{539EA4D3-8C84-411D-A39B-FB035C49F1AF}.Debug|Any CPU.Build.0 = Debug|x64
		{539EA4D3-8C84-411D-A39B-FB035C49F1AF}.Debug|x64.ActiveCfg = Debug|x64
		{539EA4D3-8C84-411D-A39B-FB035C49F1AF}.Debug|x64.Build.0 = Debug|x64
		{539EA4D3-8C84-411D-A39B-FB035C49F1AF}.Debug|x86.ActiveCfg = Debug|Win32
		{539EA4D3-8C84-411D-A39B-FB035C49F1AF}.Debug|x86.Build.0 = Debug|Win32
		{539EA4D3-8C84-411D-A39B-FB035C49F1AF}.Release|Any CPU.ActiveCfg = Release|x64
		{539EA4D3-8C84-411D-A39B-FB035C49F1AF}.Release|Any CPU.Build.0 = Release|x64
		{539EA4D3-8C84-411D-A39B-FB035C49F1AF}.Release|x64.ActiveCfg = Release|x64
		{539EA4D3-8C84-411D-A39B-FB035C49F1AF}.Release|x64.Build.0 = Release|x64
		{539EA4D3-8C84-411D-A39B-FB035C49F1AF}.Release|x86.ActiveCfg = Release|Win32
		{539EA4D3-8C84-411D-A39B-FB035C49F1AF}.Release|x86.Build.0 = Release|Win32
		{F8FEB13C-21B5-4DD9-9384-050914310A0A}.Debug|Any CPU.ActiveCfg = Debug|x64
		{F8FEB13C-21B5-4DD9-9384-050914310A0A}.Debug|Any CPU.Build.0 = Debug|x64
		{F8FEB13C-21B5-4DD9-9384-050914310A0A}.Debug|x64.ActiveCfg = Debug|x64
		{F8FEB13C-21B5-4DD9-9384-050914310A0A}.Debug|x64.Build.0 = Debug|x64
		{F8FEB13C-21B5-4DD9-9384-050914310A0A}.Debug|x86.ActiveCfg = Debug|Win32
		{F8FEB13C-21B5-4DD9-9384-050914310A0A}.Debug|x86.Build.0 = Debug|Win32
		{F8FEB13C-21B5-4DD9-9384-050914310A0A}.Release|Any CPU.ActiveCfg = Release|x64
		{F8FEB13C-21B5-4DD9-9384-050914310A0A}.Release|Any CPU.Build.0 = Release|x64
		{F8FEB13C-21B5-4DD9-9384-050914310A0A}.Release|x64.ActiveCfg = Release|x64
		{F8FEB13C-21B5-4DD9-9384-050914310A0A}.Release|x64.Build.0 = Release|x64
		{F8FEB13C-21B5-4DD9-9384-050914310A0A}.Release|x86.ActiveCfg = Release|Win32
		{F8FEB13C-21B5-4DD9-9384-050914310A0A}.Release|x86.Build.0 = Release|Win32
		{37B8C923-5215-2410-75C7-FCFBE257CBA3}.Debug|Any CPU.ActiveCfg = Debug|Any CPU
		{37B8C923-5215-2410-75C7-FCFBE257CBA3}.Debug|Any CPU.Build.0 = Debug|Any CPU
		{37B8C923-5215-2410-75C7-FCFBE257CBA3}.Debug|Any CPU.Deploy.0 = Debug|Any CPU
		{37B8C923-5215-2410-75C7-FCFBE257CBA3}.Debug|x64.ActiveCfg = Debug|Any CPU
		{37B8C923-5215-2410-75C7-FCFBE257CBA3}.Debug|x64.Build.0 = Debug|Any CPU
		{37B8C923-5215-2410-75C7-FCFBE257CBA3}.Debug|x64.Deploy.0 = Debug|Any CPU
		{37B8C923-5215-2410-75C7-FCFBE257CBA3}.Debug|x86.ActiveCfg = Debug|Any CPU
		{37B8C923-5215-2410-75C7-FCFBE257CBA3}.Debug|x86.Build.0 = Debug|Any CPU
		{37B8C923-5215-2410-75C7-FCFBE257CBA3}.Debug|x86.Deploy.0 = Debug|Any CPU
		{37B8C923-5215-2410-75C7-FCFBE257CBA3}.Release|Any CPU.ActiveCfg = Release|Any CPU
		{37B8C923-5215-2410-75C7-FCFBE257CBA3}.Release|Any CPU.Build.0 = Release|Any CPU
		{37B8C923-5215-2410-75C7-FCFBE257CBA3}.Release|Any CPU.Deploy.0 = Release|Any CPU
		{37B8C923-5215-2410-75C7-FCFBE257CBA3}.Release|x64.ActiveCfg = Release|Any CPU
		{37B8C923-5215-2410-75C7-FCFBE257CBA3}.Release|x64.Build.0 = Release|Any CPU
		{37B8C923-5215-2410-75C7-FCFBE257CBA3}.Release|x64.Deploy.0 = Release|Any CPU
		{37B8C923-5215-2410-75C7-FCFBE257CBA3}.Release|x86.ActiveCfg = Release|Any CPU
		{37B8C923-5215-2410-75C7-FCFBE257CBA3}.Release|x86.Build.0 = Release|Any CPU
		{37B8C923-5215-2410-75C7-FCFBE257CBA3}.Release|x86.Deploy.0 = Release|Any CPU
		{16141EBC-262E-45E2-B466-EF6206793F07}.Debug|Any CPU.ActiveCfg = Debug|x64
		{16141EBC-262E-45E2-B466-EF6206793F07}.Debug|Any CPU.Build.0 = Debug|x64
		{16141EBC-262E-45E2-B466-EF6206793F07}.Debug|x64.ActiveCfg = Debug|x64
		{16141EBC-262E-45E2-B466-EF6206793F07}.Debug|x64.Build.0 = Debug|x64
		{16141EBC-262E-45E2-B466-EF6206793F07}.Debug|x86.ActiveCfg = Debug|Win32
		{16141EBC-262E-45E2-B466-EF6206793F07}.Debug|x86.Build.0 = Debug|Win32
		{16141EBC-262E-45E2-B466-EF6206793F07}.Release|Any CPU.ActiveCfg = Release|x64
		{16141EBC-262E-45E2-B466-EF6206793F07}.Release|Any CPU.Build.0 = Release|x64
		{16141EBC-262E-45E2-B466-EF6206793F07}.Release|x64.ActiveCfg = Release|x64
		{16141EBC-262E-45E2-B466-EF6206793F07}.Release|x64.Build.0 = Release|x64
		{16141EBC-262E-45E2-B466-EF6206793F07}.Release|x86.ActiveCfg = Release|Win32
		{16141EBC-262E-45E2-B466-EF6206793F07}.Release|x86.Build.0 = Release|Win32
	EndGlobalSection
	GlobalSection(SolutionProperties) = preSolution
		HideSolutionNode = FALSE
	EndGlobalSection
	GlobalSection(ExtensibilityGlobals) = postSolution
		SolutionGuid = {1AE73E65-E0AB-42F9-8CB1-54091F03BC74}
	EndGlobalSection
EndGlobal
