<?xml version="1.0" encoding="utf-8"?>
<Project ToolsVersion="4.0" xmlns="http://schemas.microsoft.com/developer/msbuild/2003">
  <ItemGroup>
    <Filter Include="Source Files">
      <UniqueIdentifier>{4FC737F1-C7A5-4376-A066-2A32D752A2FF}</UniqueIdentifier>
      <Extensions>cpp;c;cc;cxx;c++;cppm;ixx;def;odl;idl;hpj;bat;asm;asmx</Extensions>
    </Filter>
    <Filter Include="Header Files">
      <UniqueIdentifier>{93995380-89BD-4b04-88EB-625FBE52EBFB}</UniqueIdentifier>
      <Extensions>h;hh;hpp;hxx;h++;hm;inl;inc;ipp;xsd</Extensions>
    </Filter>
    <Filter Include="Resource Files">
      <UniqueIdentifier>{67DA6AB6-F800-4c08-8B7A-83BB121AAD01}</UniqueIdentifier>
      <Extensions>rc;ico;cur;bmp;dlg;rc2;rct;bin;rgs;gif;jpg;jpeg;jpe;resx;tiff;tif;png;wav;mfcribbon-ms</Extensions>
    </Filter>
    <Filter Include="VRDriver">
      <UniqueIdentifier>{1f36638d-5248-4ef6-8527-0b5d1806e6d2}</UniqueIdentifier>
    </Filter>
    <Filter Include="VRDriver\Header Files">
      <UniqueIdentifier>{84f92250-db13-4b45-8a87-b78680680809}</UniqueIdentifier>
    </Filter>
    <Filter Include="VRDriver\Source Files">
      <UniqueIdentifier>{2139455b-76d6-45a7-a373-e70e94ec3663}</UniqueIdentifier>
    </Filter>
    <Filter Include="IrisWeb">
      <UniqueIdentifier>{a5d57138-e596-41fd-810e-228338479992}</UniqueIdentifier>
    </Filter>
    <Filter Include="IrisWeb\Header Files">
      <UniqueIdentifier>{27914d68-5792-4953-a066-688627e5818f}</UniqueIdentifier>
    </Filter>
    <Filter Include="IrisWeb\Source Files">
      <UniqueIdentifier>{64008762-51d9-4be9-ab01-686f99cde5b6}</UniqueIdentifier>
    </Filter>
  </ItemGroup>
  <ItemGroup>
    <ClCompile Include="iris_tracker_device.cpp">
      <Filter>VRDriver\Source Files</Filter>
    </ClCompile>
    <ClCompile Include="device_data_refs.cpp">
      <Filter>VRDriver\Source Files</Filter>
    </ClCompile>
    <ClCompile Include="device_provider.cpp">
      <Filter>VRDriver\Source Files</Filter>
    </ClCompile>
    <ClCompile Include="hmd_driver_factory.cpp">
      <Filter>VRDriver\Source Files</Filter>
    </ClCompile>
    <ClCompile Include="util.cpp">
      <Filter>Source Files</Filter>
    </ClCompile>
    <ClCompile Include="IrisWebServer.cpp">
      <Filter>IrisWeb\Source Files</Filter>
    </ClCompile>
    <ClCompile Include="IrisWebClient.cpp">
      <Filter>IrisWeb\Source Files</Filter>
    </ClCompile>
    <ClCompile Include="CameraConfig.cpp">
      <Filter>Source Files</Filter>
    </ClCompile>
  </ItemGroup>
  <ItemGroup>
    <ClInclude Include="iris_tracker_device.h">
      <Filter>VRDriver\Header Files</Filter>
    </ClInclude>
    <ClInclude Include="device_data_refs.h">
      <Filter>VRDriver\Header Files</Filter>
    </ClInclude>
    <ClInclude Include="device_provider.h">
      <Filter>VRDriver\Header Files</Filter>
    </ClInclude>
    <ClInclude Include="util.h">
      <Filter>Header Files</Filter>
    </ClInclude>
    <ClInclude Include="IrisWebClient.h">
      <Filter>IrisWeb\Header Files</Filter>
    </ClInclude>
    <ClInclude Include="IrisWebClient_keys.h">
      <Filter>IrisWeb\Header Files</Filter>
    </ClInclude>
    <ClInclude Include="IrisWebServer.h">
      <Filter>IrisWeb\Header Files</Filter>
    </ClInclude>
    <ClInclude Include="CameraConfig.h">
      <Filter>Header Files</Filter>
    </ClInclude>
  </ItemGroup>
</Project>